
Microsoft Visual Studio Solution File, Format Version 11.00
# Visual Studio 2010
Project("{FAE04EC0-301F-11D3-BF4B-00C04F79EFBC}") = "Assembly-CSharp", "Assembly-CSharp.csproj", "{93FD017A-CF49-98FC-5D13-69C015C52F72}"
EndProject
Project("{FAE04EC0-301F-11D3-BF4B-00C04F79EFBC}") = "Assembly-CSharp-firstpass", "Assembly-CSharp-firstpass.csproj", "{F0CF5038-2775-D789-3020-42F6799CD2E8}"
EndProject
Project("{FAE04EC0-301F-11D3-BF4B-00C04F79EFBC}") = "Assembly-CSharp-Editor-firstpass", "Assembly-CSharp-Editor-firstpass.csproj", "{6EB34976-6279-BBDA-8E89-8C7EA75353F1}"
EndProject
Project("{FAE04EC0-301F-11D3-BF4B-00C04F79EFBC}") = "Assembly-CSharp-Editor", "Assembly-CSharp-Editor.csproj", "{FF48CBE0-F48A-2117-BF82-5ACF3F7FFE4B}"
EndProject
Global
	GlobalSection(SolutionConfigurationPlatforms) = preSolution
		Debug|Any CPU = Debug|Any CPU
		Release|Any CPU = Release|Any CPU
	EndGlobalSection
	GlobalSection(ProjectConfigurationPlatforms) = postSolution
		{93FD017A-CF49-98FC-5D13-69C015C52F72}.Debug|Any CPU.ActiveCfg = Debug|Any CPU
		{93FD017A-CF49-98FC-5D13-69C015C52F72}.Debug|Any CPU.Build.0 = Debug|Any CPU
		{93FD017A-CF49-98FC-5D13-69C015C52F72}.Release|Any CPU.ActiveCfg = Release|Any CPU
		{93FD017A-CF49-98FC-5D13-69C015C52F72}.Release|Any CPU.Build.0 = Release|Any CPU
		{F0CF5038-2775-D789-3020-42F6799CD2E8}.Debug|Any CPU.ActiveCfg = Debug|Any CPU
		{F0CF5038-2775-D789-3020-42F6799CD2E8}.Debug|Any CPU.Build.0 = Debug|Any CPU
		{F0CF5038-2775-D789-3020-42F6799CD2E8}.Release|Any CPU.ActiveCfg = Release|Any CPU
		{F0CF5038-2775-D789-3020-42F6799CD2E8}.Release|Any CPU.Build.0 = Release|Any CPU
		{6EB34976-6279-BBDA-8E89-8C7EA75353F1}.Debug|Any CPU.ActiveCfg = Debug|Any CPU
		{6EB34976-6279-BBDA-8E89-8C7EA75353F1}.Debug|Any CPU.Build.0 = Debug|Any CPU
		{6EB34976-6279-BBDA-8E89-8C7EA75353F1}.Release|Any CPU.ActiveCfg = Release|Any CPU
		{6EB34976-6279-BBDA-8E89-8C7EA75353F1}.Release|Any CPU.Build.0 = Release|Any CPU
		{FF48CBE0-F48A-2117-BF82-5ACF3F7FFE4B}.Debug|Any CPU.ActiveCfg = Debug|Any CPU
		{FF48CBE0-F48A-2117-BF82-5ACF3F7FFE4B}.Debug|Any CPU.Build.0 = Debug|Any CPU
		{FF48CBE0-F48A-2117-BF82-5ACF3F7FFE4B}.Release|Any CPU.ActiveCfg = Release|Any CPU
		{FF48CBE0-F48A-2117-BF82-5ACF3F7FFE4B}.Release|Any CPU.Build.0 = Release|Any CPU
	EndGlobalSection
	GlobalSection(SolutionProperties) = preSolution
		HideSolutionNode = FALSE
	EndGlobalSection
	GlobalSection(MonoDevelopProperties) = preSolution
		StartupItem = Assembly-CSharp.csproj
	EndGlobalSection
EndGlobal
